// !$*UTF8*$!
{
	archiveVersion = 1;
	classes = {
	};
	objectVersion = 56;
	objects = {

/* Begin PBXBuildFile section */
		275AC91D45E165962E707A8C /* Pods_AppCakeTask.framework in Frameworks */ = {isa = PBXBuildFile; fileRef = 3605D7FF2D8C2149B9B68182 /* Pods_AppCakeTask.framework */; };
		6579BF8428F1CF720093312E /* ListViewItem.swift in Sources */ = {isa = PBXBuildFile; fileRef = 6579BF8328F1CF720093312E /* ListViewItem.swift */; };
		6579BF8728F21CF40093312E /* DetailView.swift in Sources */ = {isa = PBXBuildFile; fileRef = 6579BF8628F21CF40093312E /* DetailView.swift */; };
		65AA966028F3561B000370F3 /* Defaults.swift in Sources */ = {isa = PBXBuildFile; fileRef = 65AA965F28F3561B000370F3 /* Defaults.swift */; };
		65C47AC728F18C2100C9690A /* AppCakeTaskApp.swift in Sources */ = {isa = PBXBuildFile; fileRef = 65C47AC628F18C2100C9690A /* AppCakeTaskApp.swift */; };
		65C47AC928F18C2100C9690A /* MainView.swift in Sources */ = {isa = PBXBuildFile; fileRef = 65C47AC828F18C2100C9690A /* MainView.swift */; };
		65C47ACB28F18C2400C9690A /* Assets.xcassets in Resources */ = {isa = PBXBuildFile; fileRef = 65C47ACA28F18C2400C9690A /* Assets.xcassets */; };
		65C47ACE28F18C2400C9690A /* Preview Assets.xcassets in Resources */ = {isa = PBXBuildFile; fileRef = 65C47ACD28F18C2400C9690A /* Preview Assets.xcassets */; };
		65C47AD928F18C6A00C9690A /* Constants.swift in Sources */ = {isa = PBXBuildFile; fileRef = 65C47AD828F18C6A00C9690A /* Constants.swift */; };
		65C47ADD28F18CA200C9690A /* MainWorker.swift in Sources */ = {isa = PBXBuildFile; fileRef = 65C47ADC28F18CA200C9690A /* MainWorker.swift */; };
		65C47ADF28F1900900C9690A /* MainViewModel.swift in Sources */ = {isa = PBXBuildFile; fileRef = 65C47ADE28F1900900C9690A /* MainViewModel.swift */; };
		65C47AE228F1943900C9690A /* RequestHandler.swift in Sources */ = {isa = PBXBuildFile; fileRef = 65C47AE128F1943900C9690A /* RequestHandler.swift */; };
		65C47AE428F1978D00C9690A /* ResponseCodeStatusHandler.swift in Sources */ = {isa = PBXBuildFile; fileRef = 65C47AE328F1978D00C9690A /* ResponseCodeStatusHandler.swift */; };
		65C47AE628F19F4F00C9690A /* CharacterModel.swift in Sources */ = {isa = PBXBuildFile; fileRef = 65C47AE528F19F4E00C9690A /* CharacterModel.swift */; };
		65C47AE828F1A09300C9690A /* NetworkModel.swift in Sources */ = {isa = PBXBuildFile; fileRef = 65C47AE728F1A09300C9690A /* NetworkModel.swift */; };
/* End PBXBuildFile section */

/* Begin PBXFileReference section */
		3605D7FF2D8C2149B9B68182 /* Pods_AppCakeTask.framework */ = {isa = PBXFileReference; explicitFileType = wrapper.framework; includeInIndex = 0; path = Pods_AppCakeTask.framework; sourceTree = BUILT_PRODUCTS_DIR; };
		6579BF8328F1CF720093312E /* ListViewItem.swift */ = {isa = PBXFileReference; lastKnownFileType = sourcecode.swift; path = ListViewItem.swift; sourceTree = "<group>"; };
		6579BF8628F21CF40093312E /* DetailView.swift */ = {isa = PBXFileReference; lastKnownFileType = sourcecode.swift; path = DetailView.swift; sourceTree = "<group>"; };
		65AA965F28F3561B000370F3 /* Defaults.swift */ = {isa = PBXFileReference; lastKnownFileType = sourcecode.swift; path = Defaults.swift; sourceTree = "<group>"; };
		65C47AC328F18C2100C9690A /* AppCakeTask.app */ = {isa = PBXFileReference; explicitFileType = wrapper.application; includeInIndex = 0; path = AppCakeTask.app; sourceTree = BUILT_PRODUCTS_DIR; };
		65C47AC628F18C2100C9690A /* AppCakeTaskApp.swift */ = {isa = PBXFileReference; lastKnownFileType = sourcecode.swift; path = AppCakeTaskApp.swift; sourceTree = "<group>"; };
		65C47AC828F18C2100C9690A /* MainView.swift */ = {isa = PBXFileReference; lastKnownFileType = sourcecode.swift; path = MainView.swift; sourceTree = "<group>"; };
		65C47ACA28F18C2400C9690A /* Assets.xcassets */ = {isa = PBXFileReference; lastKnownFileType = folder.assetcatalog; path = Assets.xcassets; sourceTree = "<group>"; };
		65C47ACD28F18C2400C9690A /* Preview Assets.xcassets */ = {isa = PBXFileReference; lastKnownFileType = folder.assetcatalog; path = "Preview Assets.xcassets"; sourceTree = "<group>"; };
		65C47AD828F18C6A00C9690A /* Constants.swift */ = {isa = PBXFileReference; lastKnownFileType = sourcecode.swift; path = Constants.swift; sourceTree = "<group>"; };
		65C47ADC28F18CA200C9690A /* MainWorker.swift */ = {isa = PBXFileReference; lastKnownFileType = sourcecode.swift; path = MainWorker.swift; sourceTree = "<group>"; };
		65C47ADE28F1900900C9690A /* MainViewModel.swift */ = {isa = PBXFileReference; lastKnownFileType = sourcecode.swift; path = MainViewModel.swift; sourceTree = "<group>"; };
		65C47AE128F1943900C9690A /* RequestHandler.swift */ = {isa = PBXFileReference; lastKnownFileType = sourcecode.swift; path = RequestHandler.swift; sourceTree = "<group>"; };
		65C47AE328F1978D00C9690A /* ResponseCodeStatusHandler.swift */ = {isa = PBXFileReference; lastKnownFileType = sourcecode.swift; path = ResponseCodeStatusHandler.swift; sourceTree = "<group>"; };
		65C47AE528F19F4E00C9690A /* CharacterModel.swift */ = {isa = PBXFileReference; lastKnownFileType = sourcecode.swift; path = CharacterModel.swift; sourceTree = "<group>"; };
		65C47AE728F1A09300C9690A /* NetworkModel.swift */ = {isa = PBXFileReference; lastKnownFileType = sourcecode.swift; path = NetworkModel.swift; sourceTree = "<group>"; };
		8806EE9F3BC18BF3D4CF0148 /* Pods-AppCakeTask.release.xcconfig */ = {isa = PBXFileReference; includeInIndex = 1; lastKnownFileType = text.xcconfig; name = "Pods-AppCakeTask.release.xcconfig"; path = "Target Support Files/Pods-AppCakeTask/Pods-AppCakeTask.release.xcconfig"; sourceTree = "<group>"; };
		BB60E3A6EAF53245262A4764 /* Pods-AppCakeTask.debug.xcconfig */ = {isa = PBXFileReference; includeInIndex = 1; lastKnownFileType = text.xcconfig; name = "Pods-AppCakeTask.debug.xcconfig"; path = "Target Support Files/Pods-AppCakeTask/Pods-AppCakeTask.debug.xcconfig"; sourceTree = "<group>"; };
/* End PBXFileReference section */

/* Begin PBXFrameworksBuildPhase section */
		65C47AC028F18C2100C9690A /* Frameworks */ = {
			isa = PBXFrameworksBuildPhase;
			buildActionMask = 2147483647;
			files = (
				275AC91D45E165962E707A8C /* Pods_AppCakeTask.framework in Frameworks */,
			);
			runOnlyForDeploymentPostprocessing = 0;
		};
/* End PBXFrameworksBuildPhase section */

/* Begin PBXGroup section */
		6579BF8528F21CE50093312E /* DetailView */ = {
			isa = PBXGroup;
			children = (
				6579BF8628F21CF40093312E /* DetailView.swift */,
			);
			path = DetailView;
			sourceTree = "<group>";
		};
		65B6061828F1C22E00BED355 /* UI */ = {
			isa = PBXGroup;
			children = (
				6579BF8328F1CF720093312E /* ListViewItem.swift */,
			);
			path = UI;
			sourceTree = "<group>";
		};
		65C47ABA28F18C2100C9690A = {
			isa = PBXGroup;
			children = (
				65C47AC528F18C2100C9690A /* AppCakeTask */,
				65C47AC428F18C2100C9690A /* Products */,
				A66601CB606A1CB16AF0BED0 /* Pods */,
				ACE764B074AA89CCFA8362ED /* Frameworks */,
			);
			sourceTree = "<group>";
		};
		65C47AC428F18C2100C9690A /* Products */ = {
			isa = PBXGroup;
			children = (
				65C47AC328F18C2100C9690A /* AppCakeTask.app */,
			);
			name = Products;
			sourceTree = "<group>";
		};
		65C47AC528F18C2100C9690A /* AppCakeTask */ = {
			isa = PBXGroup;
			children = (
				65C47AE028F1941C00C9690A /* Network */,
				65C47AD728F18C5F00C9690A /* Utils */,
				65C47AD628F18C5500C9690A /* Worker */,
				65C47AD528F18C4E00C9690A /* Model */,
				65C47AD428F18C4800C9690A /* View */,
				65C47ACA28F18C2400C9690A /* Assets.xcassets */,
				65C47ACC28F18C2400C9690A /* Preview Content */,
			);
			path = AppCakeTask;
			sourceTree = "<group>";
		};
		65C47ACC28F18C2400C9690A /* Preview Content */ = {
			isa = PBXGroup;
			children = (
				65C47ACD28F18C2400C9690A /* Preview Assets.xcassets */,
			);
			path = "Preview Content";
			sourceTree = "<group>";
		};
		65C47AD428F18C4800C9690A /* View */ = {
			isa = PBXGroup;
			children = (
				6579BF8528F21CE50093312E /* DetailView */,
				65C47ADB28F18C8500C9690A /* MainView */,
				65C47ADA28F18C7600C9690A /* Root */,
			);
			path = View;
			sourceTree = "<group>";
		};
		65C47AD528F18C4E00C9690A /* Model */ = {
			isa = PBXGroup;
			children = (
				65C47AE528F19F4E00C9690A /* CharacterModel.swift */,
				65C47AE728F1A09300C9690A /* NetworkModel.swift */,
			);
			path = Model;
			sourceTree = "<group>";
		};
		65C47AD628F18C5500C9690A /* Worker */ = {
			isa = PBXGroup;
			children = (
				65C47ADC28F18CA200C9690A /* MainWorker.swift */,
			);
			path = Worker;
			sourceTree = "<group>";
		};
		65C47AD728F18C5F00C9690A /* Utils */ = {
			isa = PBXGroup;
			children = (
				65C47AD828F18C6A00C9690A /* Constants.swift */,
				65AA965F28F3561B000370F3 /* Defaults.swift */,
			);
			path = Utils;
			sourceTree = "<group>";
		};
		65C47ADA28F18C7600C9690A /* Root */ = {
			isa = PBXGroup;
			children = (
				65C47AC628F18C2100C9690A /* AppCakeTaskApp.swift */,
			);
			path = Root;
			sourceTree = "<group>";
		};
		65C47ADB28F18C8500C9690A /* MainView */ = {
			isa = PBXGroup;
			children = (
				65B6061828F1C22E00BED355 /* UI */,
				65C47AC828F18C2100C9690A /* MainView.swift */,
				65C47ADE28F1900900C9690A /* MainViewModel.swift */,
			);
			path = MainView;
			sourceTree = "<group>";
		};
		65C47AE028F1941C00C9690A /* Network */ = {
			isa = PBXGroup;
			children = (
				65C47AE128F1943900C9690A /* RequestHandler.swift */,
				65C47AE328F1978D00C9690A /* ResponseCodeStatusHandler.swift */,
			);
			path = Network;
			sourceTree = "<group>";
		};
		A66601CB606A1CB16AF0BED0 /* Pods */ = {
			isa = PBXGroup;
			children = (
				BB60E3A6EAF53245262A4764 /* Pods-AppCakeTask.debug.xcconfig */,
				8806EE9F3BC18BF3D4CF0148 /* Pods-AppCakeTask.release.xcconfig */,
			);
			path = Pods;
			sourceTree = "<group>";
		};
		ACE764B074AA89CCFA8362ED /* Frameworks */ = {
			isa = PBXGroup;
			children = (
				3605D7FF2D8C2149B9B68182 /* Pods_AppCakeTask.framework */,
			);
			name = Frameworks;
			sourceTree = "<group>";
		};
/* End PBXGroup section */

/* Begin PBXNativeTarget section */
		65C47AC228F18C2100C9690A /* AppCakeTask */ = {
			isa = PBXNativeTarget;
			buildConfigurationList = 65C47AD128F18C2400C9690A /* Build configuration list for PBXNativeTarget "AppCakeTask" */;
			buildPhases = (
				0550576361B0A39E30F6E10D /* [CP] Check Pods Manifest.lock */,
				65C47ABF28F18C2100C9690A /* Sources */,
				65C47AC028F18C2100C9690A /* Frameworks */,
				65C47AC128F18C2100C9690A /* Resources */,
				F991AB1094DA529824CAA719 /* [CP] Embed Pods Frameworks */,
			);
			buildRules = (
			);
			dependencies = (
			);
			name = AppCakeTask;
			productName = AppCakeTask;
			productReference = 65C47AC328F18C2100C9690A /* AppCakeTask.app */;
			productType = "com.apple.product-type.application";
		};
/* End PBXNativeTarget section */

/* Begin PBXProject section */
		65C47ABB28F18C2100C9690A /* Project object */ = {
			isa = PBXProject;
			attributes = {
				BuildIndependentTargetsInParallel = 1;
				LastSwiftUpdateCheck = 1400;
				LastUpgradeCheck = 1400;
				TargetAttributes = {
					65C47AC228F18C2100C9690A = {
						CreatedOnToolsVersion = 14.0.1;
					};
				};
			};
			buildConfigurationList = 65C47ABE28F18C2100C9690A /* Build configuration list for PBXProject "AppCakeTask" */;
			compatibilityVersion = "Xcode 14.0";
			developmentRegion = en;
			hasScannedForEncodings = 0;
			knownRegions = (
				en,
				Base,
			);
			mainGroup = 65C47ABA28F18C2100C9690A;
			productRefGroup = 65C47AC428F18C2100C9690A /* Products */;
			projectDirPath = "";
			projectRoot = "";
			targets = (
				65C47AC228F18C2100C9690A /* AppCakeTask */,
			);
		};
/* End PBXProject section */

/* Begin PBXResourcesBuildPhase section */
		65C47AC128F18C2100C9690A /* Resources */ = {
			isa = PBXResourcesBuildPhase;
			buildActionMask = 2147483647;
			files = (
				65C47ACE28F18C2400C9690A /* Preview Assets.xcassets in Resources */,
				65C47ACB28F18C2400C9690A /* Assets.xcassets in Resources */,
			);
			runOnlyForDeploymentPostprocessing = 0;
		};
/* End PBXResourcesBuildPhase section */

/* Begin PBXShellScriptBuildPhase section */
		0550576361B0A39E30F6E10D /* [CP] Check Pods Manifest.lock */ = {
			isa = PBXShellScriptBuildPhase;
			buildActionMask = 2147483647;
			files = (
			);
			inputFileListPaths = (
			);
			inputPaths = (
				"${PODS_PODFILE_DIR_PATH}/Podfile.lock",
				"${PODS_ROOT}/Manifest.lock",
			);
			name = "[CP] Check Pods Manifest.lock";
			outputFileListPaths = (
			);
			outputPaths = (
				"$(DERIVED_FILE_DIR)/Pods-AppCakeTask-checkManifestLockResult.txt",
			);
			runOnlyForDeploymentPostprocessing = 0;
			shellPath = /bin/sh;
			shellScript = "diff \"${PODS_PODFILE_DIR_PATH}/Podfile.lock\" \"${PODS_ROOT}/Manifest.lock\" > /dev/null\nif [ $? != 0 ] ; then\n    # print error to STDERR\n    echo \"error: The sandbox is not in sync with the Podfile.lock. Run 'pod install' or update your CocoaPods installation.\" >&2\n    exit 1\nfi\n# This output is used by Xcode 'outputs' to avoid re-running this script phase.\necho \"SUCCESS\" > \"${SCRIPT_OUTPUT_FILE_0}\"\n";
			showEnvVarsInLog = 0;
		};
		F991AB1094DA529824CAA719 /* [CP] Embed Pods Frameworks */ = {
			isa = PBXShellScriptBuildPhase;
			buildActionMask = 2147483647;
			files = (
			);
			inputFileListPaths = (
				"${PODS_ROOT}/Target Support Files/Pods-AppCakeTask/Pods-AppCakeTask-frameworks-${CONFIGURATION}-input-files.xcfilelist",
			);
			name = "[CP] Embed Pods Frameworks";
			outputFileListPaths = (
				"${PODS_ROOT}/Target Support Files/Pods-AppCakeTask/Pods-AppCakeTask-frameworks-${CONFIGURATION}-output-files.xcfilelist",
			);
			runOnlyForDeploymentPostprocessing = 0;
			shellPath = /bin/sh;
			shellScript = "\"${PODS_ROOT}/Target Support Files/Pods-AppCakeTask/Pods-AppCakeTask-frameworks.sh\"\n";
			showEnvVarsInLog = 0;
		};
/* End PBXShellScriptBuildPhase section */

/* Begin PBXSourcesBuildPhase section */
		65C47ABF28F18C2100C9690A /* Sources */ = {
			isa = PBXSourcesBuildPhase;
			buildActionMask = 2147483647;
			files = (
				6579BF8728F21CF40093312E /* DetailView.swift in Sources */,
				65C47AE428F1978D00C9690A /* ResponseCodeStatusHandler.swift in Sources */,
				65C47ADF28F1900900C9690A /* MainViewModel.swift in Sources */,
				65C47AC928F18C2100C9690A /* MainView.swift in Sources */,
				65C47AE828F1A09300C9690A /* NetworkModel.swift in Sources */,
				65C47AE228F1943900C9690A /* RequestHandler.swift in Sources */,
				65C47AC728F18C2100C9690A /* AppCakeTaskApp.swift in Sources */,
				65C47AE628F19F4F00C9690A /* CharacterModel.swift in Sources */,
				65C47ADD28F18CA200C9690A /* MainWorker.swift in Sources */,
				65AA966028F3561B000370F3 /* Defaults.swift in Sources */,
				65C47AD928F18C6A00C9690A /* Constants.swift in Sources */,
				6579BF8428F1CF720093312E /* ListViewItem.swift in Sources */,
			);
			runOnlyForDeploymentPostprocessing = 0;
		};
/* End PBXSourcesBuildPhase section */

/* Begin XCBuildConfiguration section */
		65C47ACF28F18C2400C9690A /* Debug */ = {
			isa = XCBuildConfiguration;
			buildSettings = {
				ALWAYS_SEARCH_USER_PATHS = NO;
				CLANG_ANALYZER_NONNULL = YES;
				CLANG_ANALYZER_NUMBER_OBJECT_CONVERSION = YES_AGGRESSIVE;
				CLANG_CXX_LANGUAGE_STANDARD = "gnu++20";
				CLANG_ENABLE_MODULES = YES;
				CLANG_ENABLE_OBJC_ARC = YES;
				CLANG_ENABLE_OBJC_WEAK = YES;
				CLANG_WARN_BLOCK_CAPTURE_AUTORELEASING = YES;
				CLANG_WARN_BOOL_CONVERSION = YES;
				CLANG_WARN_COMMA = YES;
				CLANG_WARN_CONSTANT_CONVERSION = YES;
				CLANG_WARN_DEPRECATED_OBJC_IMPLEMENTATIONS = YES;
				CLANG_WARN_DIRECT_OBJC_ISA_USAGE = YES_ERROR;
				CLANG_WARN_DOCUMENTATION_COMMENTS = YES;
				CLANG_WARN_EMPTY_BODY = YES;
				CLANG_WARN_ENUM_CONVERSION = YES;
				CLANG_WARN_INFINITE_RECURSION = YES;
				CLANG_WARN_INT_CONVERSION = YES;
				CLANG_WARN_NON_LITERAL_NULL_CONVERSION = YES;
				CLANG_WARN_OBJC_IMPLICIT_RETAIN_SELF = YES;
				CLANG_WARN_OBJC_LITERAL_CONVERSION = YES;
				CLANG_WARN_OBJC_ROOT_CLASS = YES_ERROR;
				CLANG_WARN_QUOTED_INCLUDE_IN_FRAMEWORK_HEADER = YES;
				CLANG_WARN_RANGE_LOOP_ANALYSIS = YES;
				CLANG_WARN_STRICT_PROTOTYPES = YES;
				CLANG_WARN_SUSPICIOUS_MOVE = YES;
				CLANG_WARN_UNGUARDED_AVAILABILITY = YES_AGGRESSIVE;
				CLANG_WARN_UNREACHABLE_CODE = YES;
				CLANG_WARN__DUPLICATE_METHOD_MATCH = YES;
				COPY_PHASE_STRIP = NO;
				DEBUG_INFORMATION_FORMAT = dwarf;
				ENABLE_STRICT_OBJC_MSGSEND = YES;
				ENABLE_TESTABILITY = YES;
				GCC_C_LANGUAGE_STANDARD = gnu11;
				GCC_DYNAMIC_NO_PIC = NO;
				GCC_NO_COMMON_BLOCKS = YES;
				GCC_OPTIMIZATION_LEVEL = 0;
				GCC_PREPROCESSOR_DEFINITIONS = (
					"DEBUG=1",
					"$(inherited)",
				);
				GCC_WARN_64_TO_32_BIT_CONVERSION = YES;
				GCC_WARN_ABOUT_RETURN_TYPE = YES_ERROR;
				GCC_WARN_UNDECLARED_SELECTOR = YES;
				GCC_WARN_UNINITIALIZED_AUTOS = YES_AGGRESSIVE;
				GCC_WARN_UNUSED_FUNCTION = YES;
				GCC_WARN_UNUSED_VARIABLE = YES;
				IPHONEOS_DEPLOYMENT_TARGET = 16.0;
				MTL_ENABLE_DEBUG_INFO = INCLUDE_SOURCE;
				MTL_FAST_MATH = YES;
				ONLY_ACTIVE_ARCH = YES;
				SDKROOT = iphoneos;
				SWIFT_ACTIVE_COMPILATION_CONDITIONS = DEBUG;
				SWIFT_OPTIMIZATION_LEVEL = "-Onone";
			};
			name = Debug;
		};
		65C47AD028F18C2400C9690A /* Release */ = {
			isa = XCBuildConfiguration;
			buildSettings = {
				ALWAYS_SEARCH_USER_PATHS = NO;
				CLANG_ANALYZER_NONNULL = YES;
				CLANG_ANALYZER_NUMBER_OBJECT_CONVERSION = YES_AGGRESSIVE;
				CLANG_CXX_LANGUAGE_STANDARD = "gnu++20";
				CLANG_ENABLE_MODULES = YES;
				CLANG_ENABLE_OBJC_ARC = YES;
				CLANG_ENABLE_OBJC_WEAK = YES;
				CLANG_WARN_BLOCK_CAPTURE_AUTORELEASING = YES;
				CLANG_WARN_BOOL_CONVERSION = YES;
				CLANG_WARN_COMMA = YES;
				CLANG_WARN_CONSTANT_CONVERSION = YES;
				CLANG_WARN_DEPRECATED_OBJC_IMPLEMENTATIONS = YES;
				CLANG_WARN_DIRECT_OBJC_ISA_USAGE = YES_ERROR;
				CLANG_WARN_DOCUMENTATION_COMMENTS = YES;
				CLANG_WARN_EMPTY_BODY = YES;
				CLANG_WARN_ENUM_CONVERSION = YES;
				CLANG_WARN_INFINITE_RECURSION = YES;
				CLANG_WARN_INT_CONVERSION = YES;
				CLANG_WARN_NON_LITERAL_NULL_CONVERSION = YES;
				CLANG_WARN_OBJC_IMPLICIT_RETAIN_SELF = YES;
				CLANG_WARN_OBJC_LITERAL_CONVERSION = YES;
				CLANG_WARN_OBJC_ROOT_CLASS = YES_ERROR;
				CLANG_WARN_QUOTED_INCLUDE_IN_FRAMEWORK_HEADER = YES;
				CLANG_WARN_RANGE_LOOP_ANALYSIS = YES;
				CLANG_WARN_STRICT_PROTOTYPES = YES;
				CLANG_WARN_SUSPICIOUS_MOVE = YES;
				CLANG_WARN_UNGUARDED_AVAILABILITY = YES_AGGRESSIVE;
				CLANG_WARN_UNREACHABLE_CODE = YES;
				CLANG_WARN__DUPLICATE_METHOD_MATCH = YES;
				COPY_PHASE_STRIP = NO;
				DEBUG_INFORMATION_FORMAT = "dwarf-with-dsym";
				ENABLE_NS_ASSERTIONS = NO;
				ENABLE_STRICT_OBJC_MSGSEND = YES;
				GCC_C_LANGUAGE_STANDARD = gnu11;
				GCC_NO_COMMON_BLOCKS = YES;
				GCC_WARN_64_TO_32_BIT_CONVERSION = YES;
				GCC_WARN_ABOUT_RETURN_TYPE = YES_ERROR;
				GCC_WARN_UNDECLARED_SELECTOR = YES;
				GCC_WARN_UNINITIALIZED_AUTOS = YES_AGGRESSIVE;
				GCC_WARN_UNUSED_FUNCTION = YES;
				GCC_WARN_UNUSED_VARIABLE = YES;
				IPHONEOS_DEPLOYMENT_TARGET = 16.0;
				MTL_ENABLE_DEBUG_INFO = NO;
				MTL_FAST_MATH = YES;
				SDKROOT = iphoneos;
				SWIFT_COMPILATION_MODE = wholemodule;
				SWIFT_OPTIMIZATION_LEVEL = "-O";
				VALIDATE_PRODUCT = YES;
			};
			name = Release;
		};
		65C47AD228F18C2400C9690A /* Debug */ = {
			isa = XCBuildConfiguration;
			baseConfigurationReference = BB60E3A6EAF53245262A4764 /* Pods-AppCakeTask.debug.xcconfig */;
			buildSettings = {
				ASSETCATALOG_COMPILER_APPICON_NAME = AppIcon;
				ASSETCATALOG_COMPILER_GLOBAL_ACCENT_COLOR_NAME = AccentColor;
				CODE_SIGN_STYLE = Automatic;
				CURRENT_PROJECT_VERSION = 1;
				DEVELOPMENT_ASSET_PATHS = "\"AppCakeTask/Preview Content\"";
				DEVELOPMENT_TEAM = LFD3T7L2TV;
				ENABLE_PREVIEWS = YES;
				GENERATE_INFOPLIST_FILE = YES;
				INFOPLIST_KEY_CFBundleDisplayName = AppCakeTask;
				INFOPLIST_KEY_UIApplicationSceneManifest_Generation = YES;
				INFOPLIST_KEY_UIApplicationSupportsIndirectInputEvents = YES;
				INFOPLIST_KEY_UILaunchScreen_Generation = YES;
				INFOPLIST_KEY_UISupportedInterfaceOrientations_iPad = "UIInterfaceOrientationPortrait UIInterfaceOrientationPortraitUpsideDown UIInterfaceOrientationLandscapeLeft UIInterfaceOrientationLandscapeRight";
				INFOPLIST_KEY_UISupportedInterfaceOrientations_iPhone = "UIInterfaceOrientationPortrait UIInterfaceOrientationLandscapeLeft UIInterfaceOrientationLandscapeRight";
				INFOPLIST_KEY_UIUserInterfaceStyle = Light;
				IPHONEOS_DEPLOYMENT_TARGET = 14.0;
				LD_RUNPATH_SEARCH_PATHS = (
					"$(inherited)",
					"@executable_path/Frameworks",
				);
				MARKETING_VERSION = 1.0;
				PRODUCT_BUNDLE_IDENTIFIER = com.appcake.task;
				PRODUCT_NAME = "$(TARGET_NAME)";
				SWIFT_EMIT_LOC_STRINGS = YES;
				SWIFT_VERSION = 5.0;
				TARGETED_DEVICE_FAMILY = "1,2";
			};
			name = Debug;
		};
		65C47AD328F18C2400C9690A /* Release */ = {
			isa = XCBuildConfiguration;
			baseConfigurationReference = 8806EE9F3BC18BF3D4CF0148 /* Pods-AppCakeTask.release.xcconfig */;
			buildSettings = {
				ASSETCATALOG_COMPILER_APPICON_NAME = AppIcon;
				ASSETCATALOG_COMPILER_GLOBAL_ACCENT_COLOR_NAME = AccentColor;
				CODE_SIGN_STYLE = Automatic;
				CURRENT_PROJECT_VERSION = 1;
				DEVELOPMENT_ASSET_PATHS = "\"AppCakeTask/Preview Content\"";
				DEVELOPMENT_TEAM = LFD3T7L2TV;
				ENABLE_PREVIEWS = YES;
				GENERATE_INFOPLIST_FILE = YES;
				INFOPLIST_KEY_CFBundleDisplayName = AppCakeTask;
				INFOPLIST_KEY_UIApplicationSceneManifest_Generation = YES;
				INFOPLIST_KEY_UIApplicationSupportsIndirectInputEvents = YES;
				INFOPLIST_KEY_UILaunchScreen_Generation = YES;
				INFOPLIST_KEY_UISupportedInterfaceOrientations_iPad = "UIInterfaceOrientationPortrait UIInterfaceOrientationPortraitUpsideDown UIInterfaceOrientationLandscapeLeft UIInterfaceOrientationLandscapeRight";
				INFOPLIST_KEY_UISupportedInterfaceOrientations_iPhone = "UIInterfaceOrientationPortrait UIInterfaceOrientationLandscapeLeft UIInterfaceOrientationLandscapeRight";
				INFOPLIST_KEY_UIUserInterfaceStyle = Light;
				IPHONEOS_DEPLOYMENT_TARGET = 14.0;
				LD_RUNPATH_SEARCH_PATHS = (
					"$(inherited)",
					"@executable_path/Frameworks",
				);
				MARKETING_VERSION = 1.0;
				PRODUCT_BUNDLE_IDENTIFIER = com.appcake.task;
				PRODUCT_NAME = "$(TARGET_NAME)";
				SWIFT_EMIT_LOC_STRINGS = YES;
				SWIFT_VERSION = 5.0;
				TARGETED_DEVICE_FAMILY = "1,2";
			};
			name = Release;
		};
/* End XCBuildConfiguration section */

/* Begin XCConfigurationList section */
		65C47ABE28F18C2100C9690A /* Build configuration list for PBXProject "AppCakeTask" */ = {
			isa = XCConfigurationList;
			buildConfigurations = (
				65C47ACF28F18C2400C9690A /* Debug */,
				65C47AD028F18C2400C9690A /* Release */,
			);
			defaultConfigurationIsVisible = 0;
			defaultConfigurationName = Release;
		};
		65C47AD128F18C2400C9690A /* Build configuration list for PBXNativeTarget "AppCakeTask" */ = {
			isa = XCConfigurationList;
			buildConfigurations = (
				65C47AD228F18C2400C9690A /* Debug */,
				65C47AD328F18C2400C9690A /* Release */,
			);
			defaultConfigurationIsVisible = 0;
			defaultConfigurationName = Release;
		};
/* End XCConfigurationList section */
	};
	rootObject = 65C47ABB28F18C2100C9690A /* Project object */;
}
